{
  "originHash" : "5cfdcc961e4ce7fa06d2fdf7e9f06f8f245e4b6b29ddd5b3aa15a3e7deb2c2b9",
  "pins" : [
    {
      "identity" : "ffmpegkit",
      "kind" : "remoteSourceControl",
      "location" : "https://github.com/kingslay/FFmpegKit.git",
      "state" : {
        "revision" : "85b77c589de0360c111de16752db86b60496d70b",
        "version" : "6.1.3"
      }
    },
    {
      "identity" : "ksplayer",
      "kind" : "remoteSourceControl",
      "location" : "https://github.com/kingslay/KSPlayer",
      "state" : {
        "revision" : "bdfa2da39bb18865b317c4ffd08cdef5f8efc043",
        "version" : "2.3.4"
      }
    },
    {
      "identity" : "vlckit",
      "kind" : "remoteSourceControl",
      "location" : "https://code.videolan.org/videolan/VLCKit.git",
      "state" : {
        "revision" : "6cbc4e7b248aa51ec0906697abb30ecae47194b7",
        "version" : "4.0.0-a24"
      }
    }
  ],
  "version" : 3
}
